
Microsoft Visual Studio Solution File, Format Version 12.00
# Visual Studio Version 17
VisualStudioVersion = 17.14.36511.14
MinimumVisualStudioVersion = 10.0.40219.1
Project("{FAE04EC0-301F-11D3-BF4B-00C04F79EFBC}") = "MovieAPI", "MovieAPI\MovieAPI.csproj", "{84C4036B-AFA7-4AED-8F40-98885BF83068}"
EndProject
Project("{FAE04EC0-301F-11D3-BF4B-00C04F79EFBC}") = "Common", "Common\Common.csproj", "{97786F20-1BBF-44C4-AD35-A63B816BED0D}"
EndProject
Project("{FAE04EC0-301F-11D3-BF4B-00C04F79EFBC}") = "Proxy", "Proxy\Proxy.csproj", "{D1041B87-0753-4808-970A-0B5104A467A8}"
EndProject
Project("{FAE04EC0-301F-11D3-BF4B-00C04F79EFBC}") = "SyncNode", "SyncNode\SyncNode.csproj", "{FA28FC1F-0721-4202-A229-43AEED0698D1}"
EndProject
Global
	GlobalSection(SolutionConfigurationPlatforms) = preSolution
		Debug|Any CPU = Debug|Any CPU
		Release|Any CPU = Release|Any CPU
	EndGlobalSection
	GlobalSection(ProjectConfigurationPlatforms) = postSolution
		{84C4036B-AFA7-4AED-8F40-98885BF83068}.Debug|Any CPU.ActiveCfg = Debug|Any CPU
		{84C4036B-AFA7-4AED-8F40-98885BF83068}.Debug|Any CPU.Build.0 = Debug|Any CPU
		{84C4036B-AFA7-4AED-8F40-98885BF83068}.Release|Any CPU.ActiveCfg = Release|Any CPU
		{84C4036B-AFA7-4AED-8F40-98885BF83068}.Release|Any CPU.Build.0 = Release|Any CPU
		{97786F20-1BBF-44C4-AD35-A63B816BED0D}.Debug|Any CPU.ActiveCfg = Debug|Any CPU
		{97786F20-1BBF-44C4-AD35-A63B816BED0D}.Debug|Any CPU.Build.0 = Debug|Any CPU
		{97786F20-1BBF-44C4-AD35-A63B816BED0D}.Release|Any CPU.ActiveCfg = Release|Any CPU
		{97786F20-1BBF-44C4-AD35-A63B816BED0D}.Release|Any CPU.Build.0 = Release|Any CPU
		{D1041B87-0753-4808-970A-0B5104A467A8}.Debug|Any CPU.ActiveCfg = Debug|Any CPU
		{D1041B87-0753-4808-970A-0B5104A467A8}.Debug|Any CPU.Build.0 = Debug|Any CPU
		{D1041B87-0753-4808-970A-0B5104A467A8}.Release|Any CPU.ActiveCfg = Release|Any CPU
		{D1041B87-0753-4808-970A-0B5104A467A8}.Release|Any CPU.Build.0 = Release|Any CPU
		{FA28FC1F-0721-4202-A229-43AEED0698D1}.Debug|Any CPU.ActiveCfg = Debug|Any CPU
		{FA28FC1F-0721-4202-A229-43AEED0698D1}.Debug|Any CPU.Build.0 = Debug|Any CPU
		{FA28FC1F-0721-4202-A229-43AEED0698D1}.Release|Any CPU.ActiveCfg = Release|Any CPU
		{FA28FC1F-0721-4202-A229-43AEED0698D1}.Release|Any CPU.Build.0 = Release|Any CPU
	EndGlobalSection
	GlobalSection(SolutionProperties) = preSolution
		HideSolutionNode = FALSE
	EndGlobalSection
	GlobalSection(ExtensibilityGlobals) = postSolution
		SolutionGuid = {63E94A9C-2CED-4225-8F40-9FF04F8374EC}
	EndGlobalSection
EndGlobal
